
Microsoft Visual Studio Solution File, Format Version 12.00
# Visual Studio Version 17
VisualStudioVersion = 17.14.36310.24 d17.14
MinimumVisualStudioVersion = 10.0.40219.1
Project("{FAE04EC0-301F-11D3-BF4B-00C04F79EFBC}") = "FactOfHuman", "FactOfHuman\FactOfHuman.csproj", "{3FD21510-9B57-4266-995C-6F64C7985BFD}"
EndProject
Global
	GlobalSection(SolutionConfigurationPlatforms) = preSolution
		Debug|Any CPU = Debug|Any CPU
		Release|Any CPU = Release|Any CPU
	EndGlobalSection
	GlobalSection(ProjectConfigurationPlatforms) = postSolution
		{3FD21510-9B57-4266-995C-6F64C7985BFD}.Debug|Any CPU.ActiveCfg = Debug|Any CPU
		{3FD21510-9B57-4266-995C-6F64C7985BFD}.Debug|Any CPU.Build.0 = Debug|Any CPU
		{3FD21510-9B57-4266-995C-6F64C7985BFD}.Release|Any CPU.ActiveCfg = Release|Any CPU
		{3FD21510-9B57-4266-995C-6F64C7985BFD}.Release|Any CPU.Build.0 = Release|Any CPU
	EndGlobalSection
	GlobalSection(SolutionProperties) = preSolution
		HideSolutionNode = FALSE
	EndGlobalSection
	GlobalSection(ExtensibilityGlobals) = postSolution
		SolutionGuid = {81BEB34B-DE97-4942-B17A-1B246E44A10C}
	EndGlobalSection
EndGlobal
